
Microsoft Visual Studio Solution File, Format Version 12.00
# Visual Studio Version 17
VisualStudioVersion = 17.5.33424.131
MinimumVisualStudioVersion = 10.0.40219.1
Project("{FAE04EC0-301F-11D3-BF4B-00C04F79EFBC}") = "C#", "C#\C#.csproj", "{98FF7671-E842-4F00-8197-ED9BC60C9279}"
EndProject
Global
	GlobalSection(SolutionConfigurationPlatforms) = preSolution
		Debug|Any CPU = Debug|Any CPU
		Release|Any CPU = Release|Any CPU
	EndGlobalSection
	GlobalSection(ProjectConfigurationPlatforms) = postSolution
		{98FF7671-E842-4F00-8197-ED9BC60C9279}.Debug|Any CPU.ActiveCfg = Debug|Any CPU
		{98FF7671-E842-4F00-8197-ED9BC60C9279}.Debug|Any CPU.Build.0 = Debug|Any CPU
		{98FF7671-E842-4F00-8197-ED9BC60C9279}.Release|Any CPU.ActiveCfg = Release|Any CPU
		{98FF7671-E842-4F00-8197-ED9BC60C9279}.Release|Any CPU.Build.0 = Release|Any CPU
	EndGlobalSection
	GlobalSection(SolutionProperties) = preSolution
		HideSolutionNode = FALSE
	EndGlobalSection
	GlobalSection(ExtensibilityGlobals) = postSolution
		SolutionGuid = {592F2F8B-DF51-42A4-91F0-28CFFF7742F0}
	EndGlobalSection
EndGlobal
